{
  "originHash" : "0ed2bdc05cd9afbde0d4dea350771aa5b6dd913997bfda14eb5d25734dfdc729",
  "pins" : [
    {
      "identity" : "progress.swift",
      "kind" : "remoteSourceControl",
      "location" : "https://github.com/jkandzi/Progress.swift.git",
      "state" : {
        "revision" : "fed6598735d7982058690acf8f52a0a5fdaeb3e0",
        "version" : "0.4.0"
      }
    }
  ],
  "version" : 3
}
